
Microsoft Visual Studio Solution File, Format Version 12.00
# Visual Studio Version 17
VisualStudioVersion = 17.9.34723.18
MinimumVisualStudioVersion = 10.0.40219.1
Project("{FAE04EC0-301F-11D3-BF4B-00C04F79EFBC}") = "FinalBlazor_ServerApp", "FinalBlazor_ServerApp.csproj", "{EDDB44D7-566B-409E-9F53-5D43CC7E4A00}"
EndProject
Global
	GlobalSection(SolutionConfigurationPlatforms) = preSolution
		Debug|Any CPU = Debug|Any CPU
		Release|Any CPU = Release|Any CPU
	EndGlobalSection
	GlobalSection(ProjectConfigurationPlatforms) = postSolution
		{EDDB44D7-566B-409E-9F53-5D43CC7E4A00}.Debug|Any CPU.ActiveCfg = Debug|Any CPU
		{EDDB44D7-566B-409E-9F53-5D43CC7E4A00}.Debug|Any CPU.Build.0 = Debug|Any CPU
		{EDDB44D7-566B-409E-9F53-5D43CC7E4A00}.Release|Any CPU.ActiveCfg = Release|Any CPU
		{EDDB44D7-566B-409E-9F53-5D43CC7E4A00}.Release|Any CPU.Build.0 = Release|Any CPU
	EndGlobalSection
	GlobalSection(SolutionProperties) = preSolution
		HideSolutionNode = FALSE
	EndGlobalSection
	GlobalSection(ExtensibilityGlobals) = postSolution
		SolutionGuid = {7C2EF1D9-EB04-49F9-A790-5A32770FDD72}
	EndGlobalSection
EndGlobal
